
Microsoft Visual Studio Solution File, Format Version 12.00
# Visual Studio 15
VisualStudioVersion = 15.0.26430.16
MinimumVisualStudioVersion = 10.0.40219.1
Project("{2150E333-8FDC-42A3-9474-1A3956D46DE8}") = "API", "API", "{D7861344-E0EB-47AF-91C4-306034DD0526}"
EndProject
Project("{2150E333-8FDC-42A3-9474-1A3956D46DE8}") = "Domain", "Domain", "{10A2FCBF-0CA1-486F-8FA8-190724CC5C3E}"
EndProject
Project("{2150E333-8FDC-42A3-9474-1A3956D46DE8}") = "Data", "Data", "{16F298AE-B1B0-41E0-830D-2B89DC02F55C}"
EndProject
Project("{9A19103F-16F7-4668-BE54-9A1E7A4F7556}") = "UserAPI", "UserAPI\UserAPI.csproj", "{72AB4B9A-0BC9-4E42-85CB-2BBBCABD14C1}"
EndProject
Project("{9A19103F-16F7-4668-BE54-9A1E7A4F7556}") = "Domain", "Domain\Domain.csproj", "{CBA41B13-590C-47CA-9957-A9CE034E2ED9}"
EndProject
Project("{9A19103F-16F7-4668-BE54-9A1E7A4F7556}") = "Repository", "Repository\Repository.csproj", "{EBA449F2-5A3A-46E2-AA3C-D4179337657D}"
EndProject
Project("{2150E333-8FDC-42A3-9474-1A3956D46DE8}") = "Configuration", "Configuration", "{9D12CD85-EF05-4925-AC33-7741BA4F9E8B}"
EndProject
Project("{9A19103F-16F7-4668-BE54-9A1E7A4F7556}") = "IoC", "IoC\IoC.csproj", "{D07D5E45-FF23-453B-A731-215D6B29ECA8}"
EndProject
Project("{2150E333-8FDC-42A3-9474-1A3956D46DE8}") = "Application", "Application", "{E76F7166-7D33-4C08-99AE-37A21C1F53E1}"
EndProject
Project("{9A19103F-16F7-4668-BE54-9A1E7A4F7556}") = "Application", "Application\Application.csproj", "{DD72ED65-A554-4565-8864-08DFF8D5DC25}"
EndProject
Project("{9A19103F-16F7-4668-BE54-9A1E7A4F7556}") = "Configuration", "Configuration\Configuration.csproj", "{54B341C8-AA6F-4F4A-AB78-610A22B58B3C}"
EndProject
Global
	GlobalSection(SolutionConfigurationPlatforms) = preSolution
		Debug|Any CPU = Debug|Any CPU
		Release|Any CPU = Release|Any CPU
	EndGlobalSection
	GlobalSection(ProjectConfigurationPlatforms) = postSolution
		{72AB4B9A-0BC9-4E42-85CB-2BBBCABD14C1}.Debug|Any CPU.ActiveCfg = Debug|Any CPU
		{72AB4B9A-0BC9-4E42-85CB-2BBBCABD14C1}.Debug|Any CPU.Build.0 = Debug|Any CPU
		{72AB4B9A-0BC9-4E42-85CB-2BBBCABD14C1}.Release|Any CPU.ActiveCfg = Release|Any CPU
		{72AB4B9A-0BC9-4E42-85CB-2BBBCABD14C1}.Release|Any CPU.Build.0 = Release|Any CPU
		{CBA41B13-590C-47CA-9957-A9CE034E2ED9}.Debug|Any CPU.ActiveCfg = Debug|Any CPU
		{CBA41B13-590C-47CA-9957-A9CE034E2ED9}.Debug|Any CPU.Build.0 = Debug|Any CPU
		{CBA41B13-590C-47CA-9957-A9CE034E2ED9}.Release|Any CPU.ActiveCfg = Release|Any CPU
		{CBA41B13-590C-47CA-9957-A9CE034E2ED9}.Release|Any CPU.Build.0 = Release|Any CPU
		{EBA449F2-5A3A-46E2-AA3C-D4179337657D}.Debug|Any CPU.ActiveCfg = Debug|Any CPU
		{EBA449F2-5A3A-46E2-AA3C-D4179337657D}.Debug|Any CPU.Build.0 = Debug|Any CPU
		{EBA449F2-5A3A-46E2-AA3C-D4179337657D}.Release|Any CPU.ActiveCfg = Release|Any CPU
		{EBA449F2-5A3A-46E2-AA3C-D4179337657D}.Release|Any CPU.Build.0 = Release|Any CPU
		{D07D5E45-FF23-453B-A731-215D6B29ECA8}.Debug|Any CPU.ActiveCfg = Debug|Any CPU
		{D07D5E45-FF23-453B-A731-215D6B29ECA8}.Debug|Any CPU.Build.0 = Debug|Any CPU
		{D07D5E45-FF23-453B-A731-215D6B29ECA8}.Release|Any CPU.ActiveCfg = Release|Any CPU
		{D07D5E45-FF23-453B-A731-215D6B29ECA8}.Release|Any CPU.Build.0 = Release|Any CPU
		{DD72ED65-A554-4565-8864-08DFF8D5DC25}.Debug|Any CPU.ActiveCfg = Debug|Any CPU
		{DD72ED65-A554-4565-8864-08DFF8D5DC25}.Debug|Any CPU.Build.0 = Debug|Any CPU
		{DD72ED65-A554-4565-8864-08DFF8D5DC25}.Release|Any CPU.ActiveCfg = Release|Any CPU
		{DD72ED65-A554-4565-8864-08DFF8D5DC25}.Release|Any CPU.Build.0 = Release|Any CPU
		{54B341C8-AA6F-4F4A-AB78-610A22B58B3C}.Debug|Any CPU.ActiveCfg = Debug|Any CPU
		{54B341C8-AA6F-4F4A-AB78-610A22B58B3C}.Debug|Any CPU.Build.0 = Debug|Any CPU
		{54B341C8-AA6F-4F4A-AB78-610A22B58B3C}.Release|Any CPU.ActiveCfg = Release|Any CPU
		{54B341C8-AA6F-4F4A-AB78-610A22B58B3C}.Release|Any CPU.Build.0 = Release|Any CPU
	EndGlobalSection
	GlobalSection(SolutionProperties) = preSolution
		HideSolutionNode = FALSE
	EndGlobalSection
	GlobalSection(NestedProjects) = preSolution
		{72AB4B9A-0BC9-4E42-85CB-2BBBCABD14C1} = {D7861344-E0EB-47AF-91C4-306034DD0526}
		{CBA41B13-590C-47CA-9957-A9CE034E2ED9} = {10A2FCBF-0CA1-486F-8FA8-190724CC5C3E}
		{EBA449F2-5A3A-46E2-AA3C-D4179337657D} = {16F298AE-B1B0-41E0-830D-2B89DC02F55C}
		{D07D5E45-FF23-453B-A731-215D6B29ECA8} = {9D12CD85-EF05-4925-AC33-7741BA4F9E8B}
		{DD72ED65-A554-4565-8864-08DFF8D5DC25} = {E76F7166-7D33-4C08-99AE-37A21C1F53E1}
		{54B341C8-AA6F-4F4A-AB78-610A22B58B3C} = {9D12CD85-EF05-4925-AC33-7741BA4F9E8B}
	EndGlobalSection
EndGlobal
