
Microsoft Visual Studio Solution File, Format Version 12.00
# Visual Studio 15
VisualStudioVersion = 15.0.28010.2050
MinimumVisualStudioVersion = 10.0.40219.1
Project("{FAE04EC0-301F-11D3-BF4B-00C04F79EFBC}") = "ApiRestfullpic", "ApiRestfullpic\ApiRestfullpic.csproj", "{D8D0AA85-B6FC-4D4B-ACE6-13A2C8CDF68D}"
EndProject
Global
	GlobalSection(SolutionConfigurationPlatforms) = preSolution
		Debug|Any CPU = Debug|Any CPU
		Release|Any CPU = Release|Any CPU
	EndGlobalSection
	GlobalSection(ProjectConfigurationPlatforms) = postSolution
		{D8D0AA85-B6FC-4D4B-ACE6-13A2C8CDF68D}.Debug|Any CPU.ActiveCfg = Debug|Any CPU
		{D8D0AA85-B6FC-4D4B-ACE6-13A2C8CDF68D}.Debug|Any CPU.Build.0 = Debug|Any CPU
		{D8D0AA85-B6FC-4D4B-ACE6-13A2C8CDF68D}.Release|Any CPU.ActiveCfg = Release|Any CPU
		{D8D0AA85-B6FC-4D4B-ACE6-13A2C8CDF68D}.Release|Any CPU.Build.0 = Release|Any CPU
	EndGlobalSection
	GlobalSection(SolutionProperties) = preSolution
		HideSolutionNode = FALSE
	EndGlobalSection
	GlobalSection(ExtensibilityGlobals) = postSolution
		SolutionGuid = {9672EA7F-517B-445D-8F72-0999EB496C8F}
	EndGlobalSection
EndGlobal
